
Microsoft Visual Studio Solution File, Format Version 12.00
# Visual Studio 15
VisualStudioVersion = 15.0.26430.16
MinimumVisualStudioVersion = 10.0.40219.1
Project("{2150E333-8FDC-42A3-9474-1A3956D46DE8}") = "src", "src", "{DE6E91A2-CDD5-47F0-92A8-EF8F483AA648}"
EndProject
Project("{2150E333-8FDC-42A3-9474-1A3956D46DE8}") = "tests", "tests", "{AC78A147-2225-400B-B4A7-0E05C79E7146}"
EndProject
Project("{2150E333-8FDC-42A3-9474-1A3956D46DE8}") = "examples", "examples", "{8A7A4E21-58A0-4FDD-B539-7366E1536B68}"
EndProject
Project("{9A19103F-16F7-4668-BE54-9A1E7A4F7556}") = "Astral.Schema", "src\Astral.Schema\Astral.Schema.csproj", "{4752777D-1681-44EA-9857-2F1DC9FCD8A0}"
EndProject
Project("{9A19103F-16F7-4668-BE54-9A1E7A4F7556}") = "SchemaWork", "examples\SchemaWork\SchemaWork.csproj", "{0F04B9D4-EEBF-426F-B134-6258D148BBDC}"
EndProject
Project("{FAE04EC0-301F-11D3-BF4B-00C04F79EFBC}") = "AstralTests", "tests\AstralTests\AstralTests.csproj", "{B7D9A851-29E6-475E-82B3-774738BDCBD8}"
EndProject
Project("{9A19103F-16F7-4668-BE54-9A1E7A4F7556}") = "SampleServices", "examples\SampleServices\SampleServices.csproj", "{31CC9D45-AD86-4651-A3AB-EB264F58310C}"
EndProject
Project("{9A19103F-16F7-4668-BE54-9A1E7A4F7556}") = "Astral.Schema.Rabbit", "src\Astral.Schema.Rabbit\Astral.Schema.Rabbit.csproj", "{9A6CFBCD-1F2F-470E-9560-E7FA4619052B}"
EndProject
Project("{9A19103F-16F7-4668-BE54-9A1E7A4F7556}") = "dotnet-astral", "src\dotnet-astral\dotnet-astral.csproj", "{9AD8D0B0-647A-4E81-8F51-4C371B387CA8}"
EndProject
Project("{9A19103F-16F7-4668-BE54-9A1E7A4F7556}") = "Astral.Entrance", "src\Astral.Entrance\Astral.Entrance.csproj", "{CDFE31C8-8D89-41E2-8920-EBA6F516FB7E}"
EndProject
Project("{9A19103F-16F7-4668-BE54-9A1E7A4F7556}") = "Astral.Entrance.Fun", "src\Astral.Entrance.Fun\Astral.Entrance.Fun.csproj", "{AAF691E4-99A9-4B6E-9673-EB7864B0E650}"
EndProject
Project("{FAE04EC0-301F-11D3-BF4B-00C04F79EFBC}") = "Astral.Entrance.Rabbit", "src\Astral.Entrance.Rabbit\Astral.Entrance.Rabbit.csproj", "{30539C41-1D9E-4F15-8691-8E0B9D8A52B8}"
EndProject
Global
	GlobalSection(SolutionConfigurationPlatforms) = preSolution
		Debug|Any CPU = Debug|Any CPU
		Release|Any CPU = Release|Any CPU
	EndGlobalSection
	GlobalSection(ProjectConfigurationPlatforms) = postSolution
		{4752777D-1681-44EA-9857-2F1DC9FCD8A0}.Debug|Any CPU.ActiveCfg = Debug|Any CPU
		{4752777D-1681-44EA-9857-2F1DC9FCD8A0}.Debug|Any CPU.Build.0 = Debug|Any CPU
		{4752777D-1681-44EA-9857-2F1DC9FCD8A0}.Release|Any CPU.ActiveCfg = Release|Any CPU
		{4752777D-1681-44EA-9857-2F1DC9FCD8A0}.Release|Any CPU.Build.0 = Release|Any CPU
		{0F04B9D4-EEBF-426F-B134-6258D148BBDC}.Debug|Any CPU.ActiveCfg = Debug|Any CPU
		{0F04B9D4-EEBF-426F-B134-6258D148BBDC}.Debug|Any CPU.Build.0 = Debug|Any CPU
		{0F04B9D4-EEBF-426F-B134-6258D148BBDC}.Release|Any CPU.ActiveCfg = Release|Any CPU
		{0F04B9D4-EEBF-426F-B134-6258D148BBDC}.Release|Any CPU.Build.0 = Release|Any CPU
		{B7D9A851-29E6-475E-82B3-774738BDCBD8}.Debug|Any CPU.ActiveCfg = Debug|Any CPU
		{B7D9A851-29E6-475E-82B3-774738BDCBD8}.Debug|Any CPU.Build.0 = Debug|Any CPU
		{B7D9A851-29E6-475E-82B3-774738BDCBD8}.Release|Any CPU.ActiveCfg = Release|Any CPU
		{B7D9A851-29E6-475E-82B3-774738BDCBD8}.Release|Any CPU.Build.0 = Release|Any CPU
		{31CC9D45-AD86-4651-A3AB-EB264F58310C}.Debug|Any CPU.ActiveCfg = Debug|Any CPU
		{31CC9D45-AD86-4651-A3AB-EB264F58310C}.Debug|Any CPU.Build.0 = Debug|Any CPU
		{31CC9D45-AD86-4651-A3AB-EB264F58310C}.Release|Any CPU.ActiveCfg = Release|Any CPU
		{31CC9D45-AD86-4651-A3AB-EB264F58310C}.Release|Any CPU.Build.0 = Release|Any CPU
		{9A6CFBCD-1F2F-470E-9560-E7FA4619052B}.Debug|Any CPU.ActiveCfg = Debug|Any CPU
		{9A6CFBCD-1F2F-470E-9560-E7FA4619052B}.Debug|Any CPU.Build.0 = Debug|Any CPU
		{9A6CFBCD-1F2F-470E-9560-E7FA4619052B}.Release|Any CPU.ActiveCfg = Release|Any CPU
		{9A6CFBCD-1F2F-470E-9560-E7FA4619052B}.Release|Any CPU.Build.0 = Release|Any CPU
		{9AD8D0B0-647A-4E81-8F51-4C371B387CA8}.Debug|Any CPU.ActiveCfg = Debug|Any CPU
		{9AD8D0B0-647A-4E81-8F51-4C371B387CA8}.Debug|Any CPU.Build.0 = Debug|Any CPU
		{9AD8D0B0-647A-4E81-8F51-4C371B387CA8}.Release|Any CPU.ActiveCfg = Release|Any CPU
		{9AD8D0B0-647A-4E81-8F51-4C371B387CA8}.Release|Any CPU.Build.0 = Release|Any CPU
		{CDFE31C8-8D89-41E2-8920-EBA6F516FB7E}.Debug|Any CPU.ActiveCfg = Debug|Any CPU
		{CDFE31C8-8D89-41E2-8920-EBA6F516FB7E}.Debug|Any CPU.Build.0 = Debug|Any CPU
		{CDFE31C8-8D89-41E2-8920-EBA6F516FB7E}.Release|Any CPU.ActiveCfg = Release|Any CPU
		{CDFE31C8-8D89-41E2-8920-EBA6F516FB7E}.Release|Any CPU.Build.0 = Release|Any CPU
		{AAF691E4-99A9-4B6E-9673-EB7864B0E650}.Debug|Any CPU.ActiveCfg = Debug|Any CPU
		{AAF691E4-99A9-4B6E-9673-EB7864B0E650}.Debug|Any CPU.Build.0 = Debug|Any CPU
		{AAF691E4-99A9-4B6E-9673-EB7864B0E650}.Release|Any CPU.ActiveCfg = Release|Any CPU
		{AAF691E4-99A9-4B6E-9673-EB7864B0E650}.Release|Any CPU.Build.0 = Release|Any CPU
		{30539C41-1D9E-4F15-8691-8E0B9D8A52B8}.Debug|Any CPU.ActiveCfg = Debug|Any CPU
		{30539C41-1D9E-4F15-8691-8E0B9D8A52B8}.Debug|Any CPU.Build.0 = Debug|Any CPU
		{30539C41-1D9E-4F15-8691-8E0B9D8A52B8}.Release|Any CPU.ActiveCfg = Release|Any CPU
		{30539C41-1D9E-4F15-8691-8E0B9D8A52B8}.Release|Any CPU.Build.0 = Release|Any CPU
	EndGlobalSection
	GlobalSection(SolutionProperties) = preSolution
		HideSolutionNode = FALSE
	EndGlobalSection
	GlobalSection(NestedProjects) = preSolution
		{4752777D-1681-44EA-9857-2F1DC9FCD8A0} = {DE6E91A2-CDD5-47F0-92A8-EF8F483AA648}
		{0F04B9D4-EEBF-426F-B134-6258D148BBDC} = {8A7A4E21-58A0-4FDD-B539-7366E1536B68}
		{B7D9A851-29E6-475E-82B3-774738BDCBD8} = {AC78A147-2225-400B-B4A7-0E05C79E7146}
		{31CC9D45-AD86-4651-A3AB-EB264F58310C} = {8A7A4E21-58A0-4FDD-B539-7366E1536B68}
		{9A6CFBCD-1F2F-470E-9560-E7FA4619052B} = {DE6E91A2-CDD5-47F0-92A8-EF8F483AA648}
		{9AD8D0B0-647A-4E81-8F51-4C371B387CA8} = {DE6E91A2-CDD5-47F0-92A8-EF8F483AA648}
		{CDFE31C8-8D89-41E2-8920-EBA6F516FB7E} = {DE6E91A2-CDD5-47F0-92A8-EF8F483AA648}
		{AAF691E4-99A9-4B6E-9673-EB7864B0E650} = {DE6E91A2-CDD5-47F0-92A8-EF8F483AA648}
		{30539C41-1D9E-4F15-8691-8E0B9D8A52B8} = {DE6E91A2-CDD5-47F0-92A8-EF8F483AA648}
	EndGlobalSection
EndGlobal
